
Microsoft Visual Studio Solution File, Format Version 12.00
# Visual Studio Version 17
VisualStudioVersion = 17.5.33627.172
MinimumVisualStudioVersion = 10.0.40219.1
Project("{FAE04EC0-301F-11D3-BF4B-00C04F79EFBC}") = "MsTestProject", "MsTestProject\MsTestProject.csproj", "{15F32D40-3868-4133-9CA5-A2A03C6E80FB}"
EndProject
Project("{FAE04EC0-301F-11D3-BF4B-00C04F79EFBC}") = "MsTestProject1", "MsTestProject1\MsTestProject1.csproj", "{95602DAC-BA1B-4AF0-B4CB-C4A15D1AB51A}"
EndProject
Global
	GlobalSection(SolutionConfigurationPlatforms) = preSolution
		Debug|Any CPU = Debug|Any CPU
		Release|Any CPU = Release|Any CPU
	EndGlobalSection
	GlobalSection(ProjectConfigurationPlatforms) = postSolution
		{15F32D40-3868-4133-9CA5-A2A03C6E80FB}.Debug|Any CPU.ActiveCfg = Debug|Any CPU
		{15F32D40-3868-4133-9CA5-A2A03C6E80FB}.Debug|Any CPU.Build.0 = Debug|Any CPU
		{15F32D40-3868-4133-9CA5-A2A03C6E80FB}.Release|Any CPU.ActiveCfg = Release|Any CPU
		{15F32D40-3868-4133-9CA5-A2A03C6E80FB}.Release|Any CPU.Build.0 = Release|Any CPU
		{95602DAC-BA1B-4AF0-B4CB-C4A15D1AB51A}.Debug|Any CPU.ActiveCfg = Debug|Any CPU
		{95602DAC-BA1B-4AF0-B4CB-C4A15D1AB51A}.Debug|Any CPU.Build.0 = Debug|Any CPU
		{95602DAC-BA1B-4AF0-B4CB-C4A15D1AB51A}.Release|Any CPU.ActiveCfg = Release|Any CPU
		{95602DAC-BA1B-4AF0-B4CB-C4A15D1AB51A}.Release|Any CPU.Build.0 = Release|Any CPU
	EndGlobalSection
	GlobalSection(SolutionProperties) = preSolution
		HideSolutionNode = FALSE
	EndGlobalSection
	GlobalSection(ExtensibilityGlobals) = postSolution
		SolutionGuid = {0F85F14C-06E4-4290-922F-6F66BCBBBBFD}
	EndGlobalSection
EndGlobal
